
Microsoft Visual Studio Solution File, Format Version 12.00
# Visual Studio Version 16
VisualStudioVersion = 16.0.30114.105
MinimumVisualStudioVersion = 10.0.40219.1
Project("{FAE04EC0-301F-11D3-BF4B-00C04F79EFBC}") = "20-matrix_rotate_2D", "20-matrix_rotate_2D.csproj", "{8117AFFA-B71E-4C9E-ADD2-7563EC26282C}"
EndProject
Global
	GlobalSection(SolutionConfigurationPlatforms) = preSolution
		Debug|Any CPU = Debug|Any CPU
		Debug|x64 = Debug|x64
		Debug|x86 = Debug|x86
		Release|Any CPU = Release|Any CPU
		Release|x64 = Release|x64
		Release|x86 = Release|x86
	EndGlobalSection
	GlobalSection(SolutionProperties) = preSolution
		HideSolutionNode = FALSE
	EndGlobalSection
	GlobalSection(ProjectConfigurationPlatforms) = postSolution
		{8117AFFA-B71E-4C9E-ADD2-7563EC26282C}.Debug|Any CPU.ActiveCfg = Debug|Any CPU
		{8117AFFA-B71E-4C9E-ADD2-7563EC26282C}.Debug|Any CPU.Build.0 = Debug|Any CPU
		{8117AFFA-B71E-4C9E-ADD2-7563EC26282C}.Debug|x64.ActiveCfg = Debug|Any CPU
		{8117AFFA-B71E-4C9E-ADD2-7563EC26282C}.Debug|x64.Build.0 = Debug|Any CPU
		{8117AFFA-B71E-4C9E-ADD2-7563EC26282C}.Debug|x86.ActiveCfg = Debug|Any CPU
		{8117AFFA-B71E-4C9E-ADD2-7563EC26282C}.Debug|x86.Build.0 = Debug|Any CPU
		{8117AFFA-B71E-4C9E-ADD2-7563EC26282C}.Release|Any CPU.ActiveCfg = Release|Any CPU
		{8117AFFA-B71E-4C9E-ADD2-7563EC26282C}.Release|Any CPU.Build.0 = Release|Any CPU
		{8117AFFA-B71E-4C9E-ADD2-7563EC26282C}.Release|x64.ActiveCfg = Release|Any CPU
		{8117AFFA-B71E-4C9E-ADD2-7563EC26282C}.Release|x64.Build.0 = Release|Any CPU
		{8117AFFA-B71E-4C9E-ADD2-7563EC26282C}.Release|x86.ActiveCfg = Release|Any CPU
		{8117AFFA-B71E-4C9E-ADD2-7563EC26282C}.Release|x86.Build.0 = Release|Any CPU
	EndGlobalSection
EndGlobal
